
Microsoft Visual Studio Solution File, Format Version 12.00
# Visual Studio Version 17
VisualStudioVersion = 17.0.32112.339
MinimumVisualStudioVersion = 10.0.40219.1
Project("{9A19103F-16F7-4668-BE54-9A1E7A4F7556}") = "DynamoDb", "src\DynamoDb\DynamoDb.csproj", "{23C02A75-1A0B-4A14-85A4-9B9B018A16F6}"
EndProject
Project("{9A19103F-16F7-4668-BE54-9A1E7A4F7556}") = "DynamoDbMigrator", "src\DynamoDbMigrator\DynamoDbMigrator.csproj", "{F806F11B-0DE6-4247-8FE0-9D2CF19E2847}"
EndProject
Project("{2150E333-8FDC-42A3-9474-1A3956D46DE8}") = "DynamoDb", "DynamoDb", "{5831DFE9-4759-469B-9582-8D2779B40E3E}"
EndProject
Project("{2150E333-8FDC-42A3-9474-1A3956D46DE8}") = "DynamoDbMigrator", "DynamoDbMigrator", "{1B080549-9840-49B5-9AE1-C712ECE23B09}"
EndProject
Project("{2150E333-8FDC-42A3-9474-1A3956D46DE8}") = "src", "src", "{9CF02FCD-4B86-49EF-9743-FF1A5A6250B8}"
EndProject
Project("{2150E333-8FDC-42A3-9474-1A3956D46DE8}") = "example", "example", "{DC729450-AF75-4DC0-8874-215610B32573}"
EndProject
Project("{9A19103F-16F7-4668-BE54-9A1E7A4F7556}") = "DynamoDbORM.WebApi", "example\Api\DynamoDbORM.WebApi\DynamoDbORM.WebApi.csproj", "{C5B5F22D-5C66-4AFB-8123-A9EE61AE392F}"
EndProject
Project("{2150E333-8FDC-42A3-9474-1A3956D46DE8}") = "Core", "Core", "{1DF4D203-14CA-49F0-BA1A-B8DA1BE9F02D}"
EndProject
Project("{9A19103F-16F7-4668-BE54-9A1E7A4F7556}") = "DynamoDbORM.Domain", "example\Core\Model\DynamoDbORM.Domain\DynamoDbORM.Domain.csproj", "{35BFC784-CE8C-4237-A4DE-B772F413AFAE}"
EndProject
Project("{2150E333-8FDC-42A3-9474-1A3956D46DE8}") = "Application", "Application", "{C8DD8E24-D59E-4A75-BFBA-44EBC9F5560A}"
EndProject
Project("{9A19103F-16F7-4668-BE54-9A1E7A4F7556}") = "DynamoDbORM.Application", "example\Core\Application\DynamoDbORM.Application\DynamoDbORM.Application.csproj", "{42414AA9-A93D-4CAF-BEB7-0206D74F2091}"
EndProject
Project("{2150E333-8FDC-42A3-9474-1A3956D46DE8}") = "Infrastructure", "Infrastructure", "{DE592DBD-3D77-4291-ABBD-ECBD3E34A534}"
EndProject
Project("{9A19103F-16F7-4668-BE54-9A1E7A4F7556}") = "DynamoDbORM.Persistence", "example\Infrastructure\DynamoDbORM.Persistence\DynamoDbORM.Persistence.csproj", "{8587CF0A-CCA7-40DA-97C2-D84ED3320F84}"
EndProject
Project("{2150E333-8FDC-42A3-9474-1A3956D46DE8}") = "Api", "Api", "{B6C7BC1F-6558-4553-B68A-AC61EFA92E30}"
EndProject
Project("{2150E333-8FDC-42A3-9474-1A3956D46DE8}") = "Model", "Model", "{2D53718C-1E1A-437F-B76E-D26CD4FEB342}"
EndProject
Global
	GlobalSection(SolutionConfigurationPlatforms) = preSolution
		Debug|Any CPU = Debug|Any CPU
		Release|Any CPU = Release|Any CPU
	EndGlobalSection
	GlobalSection(ProjectConfigurationPlatforms) = postSolution
		{23C02A75-1A0B-4A14-85A4-9B9B018A16F6}.Debug|Any CPU.ActiveCfg = Debug|Any CPU
		{23C02A75-1A0B-4A14-85A4-9B9B018A16F6}.Debug|Any CPU.Build.0 = Debug|Any CPU
		{23C02A75-1A0B-4A14-85A4-9B9B018A16F6}.Release|Any CPU.ActiveCfg = Release|Any CPU
		{23C02A75-1A0B-4A14-85A4-9B9B018A16F6}.Release|Any CPU.Build.0 = Release|Any CPU
		{F806F11B-0DE6-4247-8FE0-9D2CF19E2847}.Debug|Any CPU.ActiveCfg = Debug|Any CPU
		{F806F11B-0DE6-4247-8FE0-9D2CF19E2847}.Debug|Any CPU.Build.0 = Debug|Any CPU
		{F806F11B-0DE6-4247-8FE0-9D2CF19E2847}.Release|Any CPU.ActiveCfg = Release|Any CPU
		{F806F11B-0DE6-4247-8FE0-9D2CF19E2847}.Release|Any CPU.Build.0 = Release|Any CPU
		{C5B5F22D-5C66-4AFB-8123-A9EE61AE392F}.Debug|Any CPU.ActiveCfg = Debug|Any CPU
		{C5B5F22D-5C66-4AFB-8123-A9EE61AE392F}.Debug|Any CPU.Build.0 = Debug|Any CPU
		{C5B5F22D-5C66-4AFB-8123-A9EE61AE392F}.Release|Any CPU.ActiveCfg = Release|Any CPU
		{C5B5F22D-5C66-4AFB-8123-A9EE61AE392F}.Release|Any CPU.Build.0 = Release|Any CPU
		{35BFC784-CE8C-4237-A4DE-B772F413AFAE}.Debug|Any CPU.ActiveCfg = Debug|Any CPU
		{35BFC784-CE8C-4237-A4DE-B772F413AFAE}.Debug|Any CPU.Build.0 = Debug|Any CPU
		{35BFC784-CE8C-4237-A4DE-B772F413AFAE}.Release|Any CPU.ActiveCfg = Release|Any CPU
		{35BFC784-CE8C-4237-A4DE-B772F413AFAE}.Release|Any CPU.Build.0 = Release|Any CPU
		{42414AA9-A93D-4CAF-BEB7-0206D74F2091}.Debug|Any CPU.ActiveCfg = Debug|Any CPU
		{42414AA9-A93D-4CAF-BEB7-0206D74F2091}.Debug|Any CPU.Build.0 = Debug|Any CPU
		{42414AA9-A93D-4CAF-BEB7-0206D74F2091}.Release|Any CPU.ActiveCfg = Release|Any CPU
		{42414AA9-A93D-4CAF-BEB7-0206D74F2091}.Release|Any CPU.Build.0 = Release|Any CPU
		{8587CF0A-CCA7-40DA-97C2-D84ED3320F84}.Debug|Any CPU.ActiveCfg = Debug|Any CPU
		{8587CF0A-CCA7-40DA-97C2-D84ED3320F84}.Debug|Any CPU.Build.0 = Debug|Any CPU
		{8587CF0A-CCA7-40DA-97C2-D84ED3320F84}.Release|Any CPU.ActiveCfg = Release|Any CPU
		{8587CF0A-CCA7-40DA-97C2-D84ED3320F84}.Release|Any CPU.Build.0 = Release|Any CPU
	EndGlobalSection
	GlobalSection(SolutionProperties) = preSolution
		HideSolutionNode = FALSE
	EndGlobalSection
	GlobalSection(NestedProjects) = preSolution
		{23C02A75-1A0B-4A14-85A4-9B9B018A16F6} = {5831DFE9-4759-469B-9582-8D2779B40E3E}
		{F806F11B-0DE6-4247-8FE0-9D2CF19E2847} = {1B080549-9840-49B5-9AE1-C712ECE23B09}
		{5831DFE9-4759-469B-9582-8D2779B40E3E} = {9CF02FCD-4B86-49EF-9743-FF1A5A6250B8}
		{1B080549-9840-49B5-9AE1-C712ECE23B09} = {9CF02FCD-4B86-49EF-9743-FF1A5A6250B8}
		{C5B5F22D-5C66-4AFB-8123-A9EE61AE392F} = {B6C7BC1F-6558-4553-B68A-AC61EFA92E30}
		{1DF4D203-14CA-49F0-BA1A-B8DA1BE9F02D} = {DC729450-AF75-4DC0-8874-215610B32573}
		{35BFC784-CE8C-4237-A4DE-B772F413AFAE} = {2D53718C-1E1A-437F-B76E-D26CD4FEB342}
		{C8DD8E24-D59E-4A75-BFBA-44EBC9F5560A} = {1DF4D203-14CA-49F0-BA1A-B8DA1BE9F02D}
		{42414AA9-A93D-4CAF-BEB7-0206D74F2091} = {C8DD8E24-D59E-4A75-BFBA-44EBC9F5560A}
		{DE592DBD-3D77-4291-ABBD-ECBD3E34A534} = {DC729450-AF75-4DC0-8874-215610B32573}
		{8587CF0A-CCA7-40DA-97C2-D84ED3320F84} = {DE592DBD-3D77-4291-ABBD-ECBD3E34A534}
		{B6C7BC1F-6558-4553-B68A-AC61EFA92E30} = {DC729450-AF75-4DC0-8874-215610B32573}
		{2D53718C-1E1A-437F-B76E-D26CD4FEB342} = {1DF4D203-14CA-49F0-BA1A-B8DA1BE9F02D}
	EndGlobalSection
	GlobalSection(ExtensibilityGlobals) = postSolution
		SolutionGuid = {40A82945-6B9B-4C0F-B2ED-8B6EEDC4A029}
	EndGlobalSection
EndGlobal
